// !$*UTF8*$!
{
	archiveVersion = 1;
	classes = {
	};
	objectVersion = 56;
	objects = {

/* Begin PBXBuildFile section */
		2466CD632BDF646C007DEC3E /* MovingBackground.swift in Sources */ = {isa = PBXBuildFile; fileRef = 2466CD622BDF646C007DEC3E /* MovingBackground.swift */; };
		24E3480C2BDB681900A63F97 /* d.wav in Resources */ = {isa = PBXBuildFile; fileRef = 24E348052BDB681900A63F97 /* d.wav */; };
		24E3480D2BDB681900A63F97 /* a.wav in Resources */ = {isa = PBXBuildFile; fileRef = 24E348062BDB681900A63F97 /* a.wav */; };
		24E3480E2BDB681900A63F97 /* coctave.wav in Resources */ = {isa = PBXBuildFile; fileRef = 24E348072BDB681900A63F97 /* coctave.wav */; };
		24E3480F2BDB681900A63F97 /* e.wav in Resources */ = {isa = PBXBuildFile; fileRef = 24E348082BDB681900A63F97 /* e.wav */; };
		24E348102BDB681900A63F97 /* c.wav in Resources */ = {isa = PBXBuildFile; fileRef = 24E348092BDB681900A63F97 /* c.wav */; };
		24E348112BDB681900A63F97 /* f.wav in Resources */ = {isa = PBXBuildFile; fileRef = 24E3480A2BDB681900A63F97 /* f.wav */; };
		24E348122BDB681900A63F97 /* g.wav in Resources */ = {isa = PBXBuildFile; fileRef = 24E3480B2BDB681900A63F97 /* g.wav */; };
		24E348142BDB683B00A63F97 /* SoundView.swift in Sources */ = {isa = PBXBuildFile; fileRef = 24E348132BDB683B00A63F97 /* SoundView.swift */; };
		24E348162BDB685400A63F97 /* SoundManager.swift in Sources */ = {isa = PBXBuildFile; fileRef = 24E348152BDB685400A63F97 /* SoundManager.swift */; };
		8B367E102BDFC6320005CC96 /* ProgressBarMusicView.swift in Sources */ = {isa = PBXBuildFile; fileRef = 8B367E0F2BDFC6320005CC96 /* ProgressBarMusicView.swift */; };
		8B73F8932BDD0FCD004EB1D5 /* SplashScreenView.swift in Sources */ = {isa = PBXBuildFile; fileRef = 8B73F8922BDD0FCD004EB1D5 /* SplashScreenView.swift */; };
		8B73F8962BDD112F004EB1D5 /* Lottie in Frameworks */ = {isa = PBXBuildFile; productRef = 8B73F8952BDD112F004EB1D5 /* Lottie */; };
		8B73F89C2BDD284B004EB1D5 /* LottieView.swift in Sources */ = {isa = PBXBuildFile; fileRef = 8B73F89B2BDD284B004EB1D5 /* LottieView.swift */; };
		8B73F8A42BDE7758004EB1D5 /* splashScreenAnimation.json in Resources */ = {isa = PBXBuildFile; fileRef = 8B73F8A32BDE7758004EB1D5 /* splashScreenAnimation.json */; };
		8B73F8A62BDE7D72004EB1D5 /* playRecordedSong.json in Resources */ = {isa = PBXBuildFile; fileRef = 8B73F8A52BDE7D72004EB1D5 /* playRecordedSong.json */; };
		8B73F8A82BDF404F004EB1D5 /* PlayGameView.swift in Sources */ = {isa = PBXBuildFile; fileRef = 8B73F8A72BDF404F004EB1D5 /* PlayGameView.swift */; };
		8B73F8AA2BDF40C1004EB1D5 /* playGame.json in Resources */ = {isa = PBXBuildFile; fileRef = 8B73F8A92BDF40C1004EB1D5 /* playGame.json */; };
		8BD772322BD9FFD600A16879 /* mozartApp.swift in Sources */ = {isa = PBXBuildFile; fileRef = 8BD772312BD9FFD600A16879 /* mozartApp.swift */; };
		8BD772342BD9FFD600A16879 /* ContentView.swift in Sources */ = {isa = PBXBuildFile; fileRef = 8BD772332BD9FFD600A16879 /* ContentView.swift */; };
		8BD772362BD9FFD700A16879 /* Assets.xcassets in Resources */ = {isa = PBXBuildFile; fileRef = 8BD772352BD9FFD700A16879 /* Assets.xcassets */; };
		8BD772392BD9FFD700A16879 /* Preview Assets.xcassets in Resources */ = {isa = PBXBuildFile; fileRef = 8BD772382BD9FFD700A16879 /* Preview Assets.xcassets */; };
		8BD772402BDA173400A16879 /* README.md in Resources */ = {isa = PBXBuildFile; fileRef = 8BD7723F2BDA173400A16879 /* README.md */; };
		8BEC2C562BDFD08100AD1864 /* .gitignore in Resources */ = {isa = PBXBuildFile; fileRef = 8BEC2C552BDFD08100AD1864 /* .gitignore */; };
		8BF5E61E2BDBB87B0009B059 /* backsound.wav in Resources */ = {isa = PBXBuildFile; fileRef = 8BF5E61D2BDBB87B0009B059 /* backsound.wav */; };
		8BF5E6212BDBC7610009B059 /* SongService.swift in Sources */ = {isa = PBXBuildFile; fileRef = 8BF5E6202BDBC7610009B059 /* SongService.swift */; };
		8BF5E6232BDBCAD70009B059 /* RecorderService.swift in Sources */ = {isa = PBXBuildFile; fileRef = 8BF5E6222BDBCAD70009B059 /* RecorderService.swift */; };
		8BF5E6252BDBCCD00009B059 /* PlayRecordSongView.swift in Sources */ = {isa = PBXBuildFile; fileRef = 8BF5E6242BDBCCD00009B059 /* PlayRecordSongView.swift */; };
		956416802BE08929001D0DF8 /* twinkle.mp3 in Resources */ = {isa = PBXBuildFile; fileRef = 9564167F2BE08929001D0DF8 /* twinkle.mp3 */; };
		958AB2472BDF6CAF00CA0DDA /* Notes.swift in Sources */ = {isa = PBXBuildFile; fileRef = 958AB2462BDF6CAF00CA0DDA /* Notes.swift */; };
		958AB2492BDF6D0800CA0DDA /* PianoSheet.swift in Sources */ = {isa = PBXBuildFile; fileRef = 958AB2482BDF6D0800CA0DDA /* PianoSheet.swift */; };
/* End PBXBuildFile section */

/* Begin PBXFileReference section */
		2466CD622BDF646C007DEC3E /* MovingBackground.swift */ = {isa = PBXFileReference; lastKnownFileType = sourcecode.swift; path = MovingBackground.swift; sourceTree = "<group>"; };
		24E348052BDB681900A63F97 /* d.wav */ = {isa = PBXFileReference; lastKnownFileType = audio.wav; path = d.wav; sourceTree = "<group>"; };
		24E348062BDB681900A63F97 /* a.wav */ = {isa = PBXFileReference; lastKnownFileType = audio.wav; path = a.wav; sourceTree = "<group>"; };
		24E348072BDB681900A63F97 /* coctave.wav */ = {isa = PBXFileReference; lastKnownFileType = audio.wav; path = coctave.wav; sourceTree = "<group>"; };
		24E348082BDB681900A63F97 /* e.wav */ = {isa = PBXFileReference; lastKnownFileType = audio.wav; path = e.wav; sourceTree = "<group>"; };
		24E348092BDB681900A63F97 /* c.wav */ = {isa = PBXFileReference; lastKnownFileType = audio.wav; path = c.wav; sourceTree = "<group>"; };
		24E3480A2BDB681900A63F97 /* f.wav */ = {isa = PBXFileReference; lastKnownFileType = audio.wav; path = f.wav; sourceTree = "<group>"; };
		24E3480B2BDB681900A63F97 /* g.wav */ = {isa = PBXFileReference; lastKnownFileType = audio.wav; path = g.wav; sourceTree = "<group>"; };
		24E348132BDB683B00A63F97 /* SoundView.swift */ = {isa = PBXFileReference; lastKnownFileType = sourcecode.swift; path = SoundView.swift; sourceTree = "<group>"; };
		24E348152BDB685400A63F97 /* SoundManager.swift */ = {isa = PBXFileReference; lastKnownFileType = sourcecode.swift; path = SoundManager.swift; sourceTree = "<group>"; };
		8B367E0F2BDFC6320005CC96 /* ProgressBarMusicView.swift */ = {isa = PBXFileReference; lastKnownFileType = sourcecode.swift; path = ProgressBarMusicView.swift; sourceTree = "<group>"; };
		8B73F88E2BDBF79E004EB1D5 /* microphone.xml */ = {isa = PBXFileReference; lastKnownFileType = text.xml; path = microphone.xml; sourceTree = "<group>"; };
		8B73F8922BDD0FCD004EB1D5 /* SplashScreenView.swift */ = {isa = PBXFileReference; lastKnownFileType = sourcecode.swift; path = SplashScreenView.swift; sourceTree = "<group>"; };
		8B73F89B2BDD284B004EB1D5 /* LottieView.swift */ = {isa = PBXFileReference; lastKnownFileType = sourcecode.swift; path = LottieView.swift; sourceTree = "<group>"; };
		8B73F8A32BDE7758004EB1D5 /* splashScreenAnimation.json */ = {isa = PBXFileReference; fileEncoding = 4; lastKnownFileType = text.json; path = splashScreenAnimation.json; sourceTree = "<group>"; };
		8B73F8A52BDE7D72004EB1D5 /* playRecordedSong.json */ = {isa = PBXFileReference; fileEncoding = 4; lastKnownFileType = text.json; path = playRecordedSong.json; sourceTree = "<group>"; };
		8B73F8A72BDF404F004EB1D5 /* PlayGameView.swift */ = {isa = PBXFileReference; lastKnownFileType = sourcecode.swift; path = PlayGameView.swift; sourceTree = "<group>"; };
		8B73F8A92BDF40C1004EB1D5 /* playGame.json */ = {isa = PBXFileReference; fileEncoding = 4; lastKnownFileType = text.json; path = playGame.json; sourceTree = "<group>"; };
		8BD7722E2BD9FFD600A16879 /* mozart.app */ = {isa = PBXFileReference; explicitFileType = wrapper.application; includeInIndex = 0; path = mozart.app; sourceTree = BUILT_PRODUCTS_DIR; };
		8BD772312BD9FFD600A16879 /* mozartApp.swift */ = {isa = PBXFileReference; lastKnownFileType = sourcecode.swift; path = mozartApp.swift; sourceTree = "<group>"; };
		8BD772332BD9FFD600A16879 /* ContentView.swift */ = {isa = PBXFileReference; lastKnownFileType = sourcecode.swift; path = ContentView.swift; sourceTree = "<group>"; };
		8BD772352BD9FFD700A16879 /* Assets.xcassets */ = {isa = PBXFileReference; lastKnownFileType = folder.assetcatalog; path = Assets.xcassets; sourceTree = "<group>"; };
		8BD772382BD9FFD700A16879 /* Preview Assets.xcassets */ = {isa = PBXFileReference; lastKnownFileType = folder.assetcatalog; path = "Preview Assets.xcassets"; sourceTree = "<group>"; };
		8BD7723F2BDA173400A16879 /* README.md */ = {isa = PBXFileReference; lastKnownFileType = net.daringfireball.markdown; path = README.md; sourceTree = "<group>"; };
		8BEC2C552BDFD08100AD1864 /* .gitignore */ = {isa = PBXFileReference; lastKnownFileType = text; path = .gitignore; sourceTree = "<group>"; };
		8BF5E61D2BDBB87B0009B059 /* backsound.wav */ = {isa = PBXFileReference; lastKnownFileType = audio.wav; path = backsound.wav; sourceTree = "<group>"; };
		8BF5E6202BDBC7610009B059 /* SongService.swift */ = {isa = PBXFileReference; lastKnownFileType = sourcecode.swift; path = SongService.swift; sourceTree = "<group>"; };
		8BF5E6222BDBCAD70009B059 /* RecorderService.swift */ = {isa = PBXFileReference; lastKnownFileType = sourcecode.swift; path = RecorderService.swift; sourceTree = "<group>"; };
		8BF5E6242BDBCCD00009B059 /* PlayRecordSongView.swift */ = {isa = PBXFileReference; lastKnownFileType = sourcecode.swift; path = PlayRecordSongView.swift; sourceTree = "<group>"; };
		9564167F2BE08929001D0DF8 /* twinkle.mp3 */ = {isa = PBXFileReference; lastKnownFileType = audio.mp3; name = twinkle.mp3; path = ../../../../Downloads/twinkle.mp3; sourceTree = "<group>"; };
		958AB2462BDF6CAF00CA0DDA /* Notes.swift */ = {isa = PBXFileReference; lastKnownFileType = sourcecode.swift; path = Notes.swift; sourceTree = "<group>"; };
		958AB2482BDF6D0800CA0DDA /* PianoSheet.swift */ = {isa = PBXFileReference; lastKnownFileType = sourcecode.swift; path = PianoSheet.swift; sourceTree = "<group>"; };
/* End PBXFileReference section */

/* Begin PBXFrameworksBuildPhase section */
		8BD7722B2BD9FFD600A16879 /* Frameworks */ = {
			isa = PBXFrameworksBuildPhase;
			buildActionMask = 2147483647;
			files = (
				8B73F8962BDD112F004EB1D5 /* Lottie in Frameworks */,
			);
			runOnlyForDeploymentPostprocessing = 0;
		};
/* End PBXFrameworksBuildPhase section */

/* Begin PBXGroup section */
		24E348042BDB67ED00A63F97 /* Notes */ = {
			isa = PBXGroup;
			children = (
				9564167F2BE08929001D0DF8 /* twinkle.mp3 */,
				8BF5E61D2BDBB87B0009B059 /* backsound.wav */,
				24E348062BDB681900A63F97 /* a.wav */,
				24E348092BDB681900A63F97 /* c.wav */,
				24E348072BDB681900A63F97 /* coctave.wav */,
				24E348052BDB681900A63F97 /* d.wav */,
				24E348082BDB681900A63F97 /* e.wav */,
				24E3480A2BDB681900A63F97 /* f.wav */,
				24E3480B2BDB681900A63F97 /* g.wav */,
			);
			path = Notes;
			sourceTree = "<group>";
		};
		8B73F8972BDD11FE004EB1D5 /* Assets */ = {
			isa = PBXGroup;
			children = (
				8B73F8A32BDE7758004EB1D5 /* splashScreenAnimation.json */,
				8B73F8A52BDE7D72004EB1D5 /* playRecordedSong.json */,
				8B73F8A92BDF40C1004EB1D5 /* playGame.json */,
			);
			path = Assets;
			sourceTree = "<group>";
		};
		8B73F89A2BDD2813004EB1D5 /* LottieViewHelper */ = {
			isa = PBXGroup;
			children = (
				8B73F89B2BDD284B004EB1D5 /* LottieView.swift */,
			);
			path = LottieViewHelper;
			sourceTree = "<group>";
		};
		8BD772252BD9FFD600A16879 = {
			isa = PBXGroup;
			children = (
				8BEC2C552BDFD08100AD1864 /* .gitignore */,
				8B73F88E2BDBF79E004EB1D5 /* microphone.xml */,
				8BD7723F2BDA173400A16879 /* README.md */,
				8BD772302BD9FFD600A16879 /* mozart */,
				8BD7722F2BD9FFD600A16879 /* Products */,
			);
			sourceTree = "<group>";
		};
		8BD7722F2BD9FFD600A16879 /* Products */ = {
			isa = PBXGroup;
			children = (
				8BD7722E2BD9FFD600A16879 /* mozart.app */,
			);
			name = Products;
			sourceTree = "<group>";
		};
		8BD772302BD9FFD600A16879 /* mozart */ = {
			isa = PBXGroup;
			children = (
				8B73F89A2BDD2813004EB1D5 /* LottieViewHelper */,
				8B73F8972BDD11FE004EB1D5 /* Assets */,
				8BF5E61F2BDBC7540009B059 /* Service */,
				8BD772312BD9FFD600A16879 /* mozartApp.swift */,
				958AB2482BDF6D0800CA0DDA /* PianoSheet.swift */,
				958AB2462BDF6CAF00CA0DDA /* Notes.swift */,
				8BD772332BD9FFD600A16879 /* ContentView.swift */,
				24E348152BDB685400A63F97 /* SoundManager.swift */,
				24E348132BDB683B00A63F97 /* SoundView.swift */,
				8B73F8922BDD0FCD004EB1D5 /* SplashScreenView.swift */,
				8BF5E6242BDBCCD00009B059 /* PlayRecordSongView.swift */,
				2466CD622BDF646C007DEC3E /* MovingBackground.swift */,
				8B73F8A72BDF404F004EB1D5 /* PlayGameView.swift */,
				8B367E0F2BDFC6320005CC96 /* ProgressBarMusicView.swift */,
				8BD772352BD9FFD700A16879 /* Assets.xcassets */,
				24E348042BDB67ED00A63F97 /* Notes */,
				8BD772372BD9FFD700A16879 /* Preview Content */,
			);
			path = mozart;
			sourceTree = "<group>";
		};
		8BD772372BD9FFD700A16879 /* Preview Content */ = {
			isa = PBXGroup;
			children = (
				8BD772382BD9FFD700A16879 /* Preview Assets.xcassets */,
			);
			path = "Preview Content";
			sourceTree = "<group>";
		};
		8BF5E61F2BDBC7540009B059 /* Service */ = {
			isa = PBXGroup;
			children = (
				8BF5E6202BDBC7610009B059 /* SongService.swift */,
				8BF5E6222BDBCAD70009B059 /* RecorderService.swift */,
			);
			path = Service;
			sourceTree = "<group>";
		};
/* End PBXGroup section */

/* Begin PBXNativeTarget section */
		8BD7722D2BD9FFD600A16879 /* mozart */ = {
			isa = PBXNativeTarget;
			buildConfigurationList = 8BD7723C2BD9FFD700A16879 /* Build configuration list for PBXNativeTarget "mozart" */;
			buildPhases = (
				8BD7722A2BD9FFD600A16879 /* Sources */,
				8BD7722B2BD9FFD600A16879 /* Frameworks */,
				8BD7722C2BD9FFD600A16879 /* Resources */,
			);
			buildRules = (
			);
			dependencies = (
			);
			name = mozart;
			packageProductDependencies = (
				8B73F8952BDD112F004EB1D5 /* Lottie */,
			);
			productName = mozart;
			productReference = 8BD7722E2BD9FFD600A16879 /* mozart.app */;
			productType = "com.apple.product-type.application";
		};
/* End PBXNativeTarget section */

/* Begin PBXProject section */
		8BD772262BD9FFD600A16879 /* Project object */ = {
			isa = PBXProject;
			attributes = {
				BuildIndependentTargetsInParallel = 1;
				LastSwiftUpdateCheck = 1530;
				LastUpgradeCheck = 1530;
				TargetAttributes = {
					8BD7722D2BD9FFD600A16879 = {
						CreatedOnToolsVersion = 15.3;
					};
				};
			};
			buildConfigurationList = 8BD772292BD9FFD600A16879 /* Build configuration list for PBXProject "mozart" */;
			compatibilityVersion = "Xcode 14.0";
			developmentRegion = en;
			hasScannedForEncodings = 0;
			knownRegions = (
				en,
				Base,
			);
			mainGroup = 8BD772252BD9FFD600A16879;
			packageReferences = (
				8B73F8942BDD112F004EB1D5 /* XCRemoteSwiftPackageReference "lottie-ios" */,
			);
			productRefGroup = 8BD7722F2BD9FFD600A16879 /* Products */;
			projectDirPath = "";
			projectRoot = "";
			targets = (
				8BD7722D2BD9FFD600A16879 /* mozart */,
			);
		};
/* End PBXProject section */

/* Begin PBXResourcesBuildPhase section */
		8BD7722C2BD9FFD600A16879 /* Resources */ = {
			isa = PBXResourcesBuildPhase;
			buildActionMask = 2147483647;
			files = (
				24E3480E2BDB681900A63F97 /* coctave.wav in Resources */,
				8BD772402BDA173400A16879 /* README.md in Resources */,
				24E348122BDB681900A63F97 /* g.wav in Resources */,
				8BF5E61E2BDBB87B0009B059 /* backsound.wav in Resources */,
				24E3480C2BDB681900A63F97 /* d.wav in Resources */,
				8B73F8AA2BDF40C1004EB1D5 /* playGame.json in Resources */,
				24E3480F2BDB681900A63F97 /* e.wav in Resources */,
				956416802BE08929001D0DF8 /* twinkle.mp3 in Resources */,
				24E348102BDB681900A63F97 /* c.wav in Resources */,
				8B73F8A62BDE7D72004EB1D5 /* playRecordedSong.json in Resources */,
				8BD772392BD9FFD700A16879 /* Preview Assets.xcassets in Resources */,
				8BEC2C562BDFD08100AD1864 /* .gitignore in Resources */,
				24E348112BDB681900A63F97 /* f.wav in Resources */,
				8BD772362BD9FFD700A16879 /* Assets.xcassets in Resources */,
				24E3480D2BDB681900A63F97 /* a.wav in Resources */,
				8B73F8A42BDE7758004EB1D5 /* splashScreenAnimation.json in Resources */,
			);
			runOnlyForDeploymentPostprocessing = 0;
		};
/* End PBXResourcesBuildPhase section */

/* Begin PBXSourcesBuildPhase section */
		8BD7722A2BD9FFD600A16879 /* Sources */ = {
			isa = PBXSourcesBuildPhase;
			buildActionMask = 2147483647;
			files = (
				8BD772342BD9FFD600A16879 /* ContentView.swift in Sources */,
				8BF5E6212BDBC7610009B059 /* SongService.swift in Sources */,
				8B73F89C2BDD284B004EB1D5 /* LottieView.swift in Sources */,
				958AB2492BDF6D0800CA0DDA /* PianoSheet.swift in Sources */,
				2466CD632BDF646C007DEC3E /* MovingBackground.swift in Sources */,
				8B367E102BDFC6320005CC96 /* ProgressBarMusicView.swift in Sources */,
				24E348162BDB685400A63F97 /* SoundManager.swift in Sources */,
				8BD772322BD9FFD600A16879 /* mozartApp.swift in Sources */,
				24E348142BDB683B00A63F97 /* SoundView.swift in Sources */,
				8BF5E6232BDBCAD70009B059 /* RecorderService.swift in Sources */,
				8B73F8A82BDF404F004EB1D5 /* PlayGameView.swift in Sources */,
				8BF5E6252BDBCCD00009B059 /* PlayRecordSongView.swift in Sources */,
				8B73F8932BDD0FCD004EB1D5 /* SplashScreenView.swift in Sources */,
				958AB2472BDF6CAF00CA0DDA /* Notes.swift in Sources */,
			);
			runOnlyForDeploymentPostprocessing = 0;
		};
/* End PBXSourcesBuildPhase section */

/* Begin XCBuildConfiguration section */
		8BD7723A2BD9FFD700A16879 /* Debug */ = {
			isa = XCBuildConfiguration;
			buildSettings = {
				ALWAYS_SEARCH_USER_PATHS = NO;
				ASSETCATALOG_COMPILER_GENERATE_SWIFT_ASSET_SYMBOL_EXTENSIONS = YES;
				CLANG_ANALYZER_NONNULL = YES;
				CLANG_ANALYZER_NUMBER_OBJECT_CONVERSION = YES_AGGRESSIVE;
				CLANG_CXX_LANGUAGE_STANDARD = "gnu++20";
				CLANG_ENABLE_MODULES = YES;
				CLANG_ENABLE_OBJC_ARC = YES;
				CLANG_ENABLE_OBJC_WEAK = YES;
				CLANG_WARN_BLOCK_CAPTURE_AUTORELEASING = YES;
				CLANG_WARN_BOOL_CONVERSION = YES;
				CLANG_WARN_COMMA = YES;
				CLANG_WARN_CONSTANT_CONVERSION = YES;
				CLANG_WARN_DEPRECATED_OBJC_IMPLEMENTATIONS = YES;
				CLANG_WARN_DIRECT_OBJC_ISA_USAGE = YES_ERROR;
				CLANG_WARN_DOCUMENTATION_COMMENTS = YES;
				CLANG_WARN_EMPTY_BODY = YES;
				CLANG_WARN_ENUM_CONVERSION = YES;
				CLANG_WARN_INFINITE_RECURSION = YES;
				CLANG_WARN_INT_CONVERSION = YES;
				CLANG_WARN_NON_LITERAL_NULL_CONVERSION = YES;
				CLANG_WARN_OBJC_IMPLICIT_RETAIN_SELF = YES;
				CLANG_WARN_OBJC_LITERAL_CONVERSION = YES;
				CLANG_WARN_OBJC_ROOT_CLASS = YES_ERROR;
				CLANG_WARN_QUOTED_INCLUDE_IN_FRAMEWORK_HEADER = YES;
				CLANG_WARN_RANGE_LOOP_ANALYSIS = YES;
				CLANG_WARN_STRICT_PROTOTYPES = YES;
				CLANG_WARN_SUSPICIOUS_MOVE = YES;
				CLANG_WARN_UNGUARDED_AVAILABILITY = YES_AGGRESSIVE;
				CLANG_WARN_UNREACHABLE_CODE = YES;
				CLANG_WARN__DUPLICATE_METHOD_MATCH = YES;
				COPY_PHASE_STRIP = NO;
				DEBUG_INFORMATION_FORMAT = dwarf;
				ENABLE_STRICT_OBJC_MSGSEND = YES;
				ENABLE_TESTABILITY = YES;
				ENABLE_USER_SCRIPT_SANDBOXING = YES;
				GCC_C_LANGUAGE_STANDARD = gnu17;
				GCC_DYNAMIC_NO_PIC = NO;
				GCC_NO_COMMON_BLOCKS = YES;
				GCC_OPTIMIZATION_LEVEL = 0;
				GCC_PREPROCESSOR_DEFINITIONS = (
					"DEBUG=1",
					"$(inherited)",
				);
				GCC_WARN_64_TO_32_BIT_CONVERSION = YES;
				GCC_WARN_ABOUT_RETURN_TYPE = YES_ERROR;
				GCC_WARN_UNDECLARED_SELECTOR = YES;
				GCC_WARN_UNINITIALIZED_AUTOS = YES_AGGRESSIVE;
				GCC_WARN_UNUSED_FUNCTION = YES;
				GCC_WARN_UNUSED_VARIABLE = YES;
				INFOPLIST_KEY_NSMicrophoneUsageDescription = microphone.xml;
				IPHONEOS_DEPLOYMENT_TARGET = 17.4;
				LOCALIZATION_PREFERS_STRING_CATALOGS = YES;
				MTL_ENABLE_DEBUG_INFO = INCLUDE_SOURCE;
				MTL_FAST_MATH = YES;
				ONLY_ACTIVE_ARCH = YES;
				SDKROOT = iphoneos;
				SWIFT_ACTIVE_COMPILATION_CONDITIONS = "DEBUG $(inherited)";
				SWIFT_OPTIMIZATION_LEVEL = "-Onone";
			};
			name = Debug;
		};
		8BD7723B2BD9FFD700A16879 /* Release */ = {
			isa = XCBuildConfiguration;
			buildSettings = {
				ALWAYS_SEARCH_USER_PATHS = NO;
				ASSETCATALOG_COMPILER_GENERATE_SWIFT_ASSET_SYMBOL_EXTENSIONS = YES;
				CLANG_ANALYZER_NONNULL = YES;
				CLANG_ANALYZER_NUMBER_OBJECT_CONVERSION = YES_AGGRESSIVE;
				CLANG_CXX_LANGUAGE_STANDARD = "gnu++20";
				CLANG_ENABLE_MODULES = YES;
				CLANG_ENABLE_OBJC_ARC = YES;
				CLANG_ENABLE_OBJC_WEAK = YES;
				CLANG_WARN_BLOCK_CAPTURE_AUTORELEASING = YES;
				CLANG_WARN_BOOL_CONVERSION = YES;
				CLANG_WARN_COMMA = YES;
				CLANG_WARN_CONSTANT_CONVERSION = YES;
				CLANG_WARN_DEPRECATED_OBJC_IMPLEMENTATIONS = YES;
				CLANG_WARN_DIRECT_OBJC_ISA_USAGE = YES_ERROR;
				CLANG_WARN_DOCUMENTATION_COMMENTS = YES;
				CLANG_WARN_EMPTY_BODY = YES;
				CLANG_WARN_ENUM_CONVERSION = YES;
				CLANG_WARN_INFINITE_RECURSION = YES;
				CLANG_WARN_INT_CONVERSION = YES;
				CLANG_WARN_NON_LITERAL_NULL_CONVERSION = YES;
				CLANG_WARN_OBJC_IMPLICIT_RETAIN_SELF = YES;
				CLANG_WARN_OBJC_LITERAL_CONVERSION = YES;
				CLANG_WARN_OBJC_ROOT_CLASS = YES_ERROR;
				CLANG_WARN_QUOTED_INCLUDE_IN_FRAMEWORK_HEADER = YES;
				CLANG_WARN_RANGE_LOOP_ANALYSIS = YES;
				CLANG_WARN_STRICT_PROTOTYPES = YES;
				CLANG_WARN_SUSPICIOUS_MOVE = YES;
				CLANG_WARN_UNGUARDED_AVAILABILITY = YES_AGGRESSIVE;
				CLANG_WARN_UNREACHABLE_CODE = YES;
				CLANG_WARN__DUPLICATE_METHOD_MATCH = YES;
				COPY_PHASE_STRIP = NO;
				DEBUG_INFORMATION_FORMAT = "dwarf-with-dsym";
				ENABLE_NS_ASSERTIONS = NO;
				ENABLE_STRICT_OBJC_MSGSEND = YES;
				ENABLE_USER_SCRIPT_SANDBOXING = YES;
				GCC_C_LANGUAGE_STANDARD = gnu17;
				GCC_NO_COMMON_BLOCKS = YES;
				GCC_WARN_64_TO_32_BIT_CONVERSION = YES;
				GCC_WARN_ABOUT_RETURN_TYPE = YES_ERROR;
				GCC_WARN_UNDECLARED_SELECTOR = YES;
				GCC_WARN_UNINITIALIZED_AUTOS = YES_AGGRESSIVE;
				GCC_WARN_UNUSED_FUNCTION = YES;
				GCC_WARN_UNUSED_VARIABLE = YES;
				INFOPLIST_KEY_NSMicrophoneUsageDescription = microphone.xml;
				IPHONEOS_DEPLOYMENT_TARGET = 17.4;
				LOCALIZATION_PREFERS_STRING_CATALOGS = YES;
				MTL_ENABLE_DEBUG_INFO = NO;
				MTL_FAST_MATH = YES;
				SDKROOT = iphoneos;
				SWIFT_COMPILATION_MODE = wholemodule;
				VALIDATE_PRODUCT = YES;
			};
			name = Release;
		};
		8BD7723D2BD9FFD700A16879 /* Debug */ = {
			isa = XCBuildConfiguration;
			buildSettings = {
				ASSETCATALOG_COMPILER_APPICON_NAME = AppIcon;
				ASSETCATALOG_COMPILER_GLOBAL_ACCENT_COLOR_NAME = AccentColor;
				CODE_SIGN_STYLE = Automatic;
				CURRENT_PROJECT_VERSION = 1;
				DEVELOPMENT_ASSET_PATHS = "\"mozart/Preview Content\"";
				DEVELOPMENT_TEAM = U5CZ6K98KV;
				ENABLE_PREVIEWS = YES;
				GENERATE_INFOPLIST_FILE = YES;
				INFOPLIST_KEY_UIApplicationSceneManifest_Generation = YES;
				INFOPLIST_KEY_UIApplicationSupportsIndirectInputEvents = YES;
				INFOPLIST_KEY_UILaunchScreen_Generation = YES;
				INFOPLIST_KEY_UISupportedInterfaceOrientations = "UIInterfaceOrientationLandscapeLeft UIInterfaceOrientationLandscapeRight";
				IPHONEOS_DEPLOYMENT_TARGET = 17;
				LD_RUNPATH_SEARCH_PATHS = (
					"$(inherited)",
					"@executable_path/Frameworks",
				);
				MARKETING_VERSION = 1.0;
				PRODUCT_BUNDLE_IDENTIFIER = pebruwantoro.mozart;
				PRODUCT_NAME = "$(TARGET_NAME)";
				SWIFT_EMIT_LOC_STRINGS = YES;
				SWIFT_VERSION = 5.0;
				TARGETED_DEVICE_FAMILY = "1,2";
			};
			name = Debug;
		};
		8BD7723E2BD9FFD700A16879 /* Release */ = {
			isa = XCBuildConfiguration;
			buildSettings = {
				ASSETCATALOG_COMPILER_APPICON_NAME = AppIcon;
				ASSETCATALOG_COMPILER_GLOBAL_ACCENT_COLOR_NAME = AccentColor;
				CODE_SIGN_STYLE = Automatic;
				CURRENT_PROJECT_VERSION = 1;
				DEVELOPMENT_ASSET_PATHS = "\"mozart/Preview Content\"";
				DEVELOPMENT_TEAM = U5CZ6K98KV;
				ENABLE_PREVIEWS = YES;
				GENERATE_INFOPLIST_FILE = YES;
				INFOPLIST_KEY_UIApplicationSceneManifest_Generation = YES;
				INFOPLIST_KEY_UIApplicationSupportsIndirectInputEvents = YES;
				INFOPLIST_KEY_UILaunchScreen_Generation = YES;
				INFOPLIST_KEY_UISupportedInterfaceOrientations = "UIInterfaceOrientationLandscapeLeft UIInterfaceOrientationLandscapeRight";
				IPHONEOS_DEPLOYMENT_TARGET = 17;
				LD_RUNPATH_SEARCH_PATHS = (
					"$(inherited)",
					"@executable_path/Frameworks",
				);
				MARKETING_VERSION = 1.0;
				PRODUCT_BUNDLE_IDENTIFIER = pebruwantoro.mozart;
				PRODUCT_NAME = "$(TARGET_NAME)";
				SWIFT_EMIT_LOC_STRINGS = YES;
				SWIFT_VERSION = 5.0;
				TARGETED_DEVICE_FAMILY = "1,2";
			};
			name = Release;
		};
/* End XCBuildConfiguration section */

/* Begin XCConfigurationList section */
		8BD772292BD9FFD600A16879 /* Build configuration list for PBXProject "mozart" */ = {
			isa = XCConfigurationList;
			buildConfigurations = (
				8BD7723A2BD9FFD700A16879 /* Debug */,
				8BD7723B2BD9FFD700A16879 /* Release */,
			);
			defaultConfigurationIsVisible = 0;
			defaultConfigurationName = Release;
		};
		8BD7723C2BD9FFD700A16879 /* Build configuration list for PBXNativeTarget "mozart" */ = {
			isa = XCConfigurationList;
			buildConfigurations = (
				8BD7723D2BD9FFD700A16879 /* Debug */,
				8BD7723E2BD9FFD700A16879 /* Release */,
			);
			defaultConfigurationIsVisible = 0;
			defaultConfigurationName = Release;
		};
/* End XCConfigurationList section */

/* Begin XCRemoteSwiftPackageReference section */
		8B73F8942BDD112F004EB1D5 /* XCRemoteSwiftPackageReference "lottie-ios" */ = {
			isa = XCRemoteSwiftPackageReference;
			repositoryURL = "https://github.com/airbnb/lottie-ios.git";
			requirement = {
				kind = upToNextMajorVersion;
				minimumVersion = 4.4.3;
			};
		};
/* End XCRemoteSwiftPackageReference section */

/* Begin XCSwiftPackageProductDependency section */
		8B73F8952BDD112F004EB1D5 /* Lottie */ = {
			isa = XCSwiftPackageProductDependency;
			package = 8B73F8942BDD112F004EB1D5 /* XCRemoteSwiftPackageReference "lottie-ios" */;
			productName = Lottie;
		};
/* End XCSwiftPackageProductDependency section */
	};
	rootObject = 8BD772262BD9FFD600A16879 /* Project object */;
}
